// !$*UTF8*$!
{
	archiveVersion = 1;
	classes = {
	};
	objectVersion = 77;
	objects = {

/* Begin PBXBuildFile section */
		0F1AF0FC46E0A5A8559E9604 /* SleepNoiseApp.swift in Sources */ = {isa = PBXBuildFile; fileRef = 9679FBCCA3A800DE6902342C /* SleepNoiseApp.swift */; };
		351090B8F1471CEF8C192EA2 /* GridEngine.swift in Sources */ = {isa = PBXBuildFile; fileRef = 16AC68B42EF48750AEF2761F /* GridEngine.swift */; };
		438C5FD1206D4306B7BB9A17 /* GridView.swift in Sources */ = {isa = PBXBuildFile; fileRef = 20B7EED86E2BFDE355448221 /* GridView.swift */; };
		47BF5E75A39777599887DF3E /* NoiseGenerator.swift in Sources */ = {isa = PBXBuildFile; fileRef = 9199D188F6202C608A68D42E /* NoiseGenerator.swift */; };
		8319E2C0CFB86309C4B2EFB0 /* LaunchScreen.storyboard in Resources */ = {isa = PBXBuildFile; fileRef = 8108E8CFEA0ACC15992D1E8C /* LaunchScreen.storyboard */; };
		95557EC05984BC2C5BB5528F /* Assets.xcassets in Resources */ = {isa = PBXBuildFile; fileRef = 59AE059B3896A389BE0C3F21 /* Assets.xcassets */; };
		B932C9DA89C6B74E08B6E6BE /* PrivacyInfo.xcprivacy in Resources */ = {isa = PBXBuildFile; fileRef = EBBAACFEE6834D11F8A87E11 /* PrivacyInfo.xcprivacy */; };
/* End PBXBuildFile section */

/* Begin PBXFileReference section */
		16AC68B42EF48750AEF2761F /* GridEngine.swift */ = {isa = PBXFileReference; lastKnownFileType = sourcecode.swift; path = GridEngine.swift; sourceTree = "<group>"; };
		20B7EED86E2BFDE355448221 /* GridView.swift */ = {isa = PBXFileReference; lastKnownFileType = sourcecode.swift; path = GridView.swift; sourceTree = "<group>"; };
		4940AE0F466E23E8BD4994BD /* Nod.app */ = {isa = PBXFileReference; explicitFileType = wrapper.application; includeInIndex = 0; path = Nod.app; sourceTree = BUILT_PRODUCTS_DIR; };
		59AE059B3896A389BE0C3F21 /* Assets.xcassets */ = {isa = PBXFileReference; lastKnownFileType = folder.assetcatalog; path = Assets.xcassets; sourceTree = "<group>"; };
		8108E8CFEA0ACC15992D1E8C /* LaunchScreen.storyboard */ = {isa = PBXFileReference; lastKnownFileType = file.storyboard; path = LaunchScreen.storyboard; sourceTree = "<group>"; };
		9199D188F6202C608A68D42E /* NoiseGenerator.swift */ = {isa = PBXFileReference; lastKnownFileType = sourcecode.swift; path = NoiseGenerator.swift; sourceTree = "<group>"; };
		9679FBCCA3A800DE6902342C /* SleepNoiseApp.swift */ = {isa = PBXFileReference; lastKnownFileType = sourcecode.swift; path = SleepNoiseApp.swift; sourceTree = "<group>"; };
		E81E81B678DD169C5837058B /* Info.plist */ = {isa = PBXFileReference; lastKnownFileType = text.plist; path = Info.plist; sourceTree = "<group>"; };
		EBBAACFEE6834D11F8A87E11 /* PrivacyInfo.xcprivacy */ = {isa = PBXFileReference; lastKnownFileType = text.xml; path = PrivacyInfo.xcprivacy; sourceTree = "<group>"; };
/* End PBXFileReference section */

/* Begin PBXGroup section */
		84359F757DDBC745C733240B = {
			isa = PBXGroup;
			children = (
				F9E519D57340EF30CE539098 /* SleepNoise */,
				DEFF421EAA78615B580C1942 /* Products */,
			);
			sourceTree = "<group>";
		};
		C176830FC04827010FEC80E3 /* Audio */ = {
			isa = PBXGroup;
			children = (
				16AC68B42EF48750AEF2761F /* GridEngine.swift */,
				9199D188F6202C608A68D42E /* NoiseGenerator.swift */,
			);
			path = Audio;
			sourceTree = "<group>";
		};
		DEED19CF097216B23567DBCA /* Views */ = {
			isa = PBXGroup;
			children = (
				20B7EED86E2BFDE355448221 /* GridView.swift */,
			);
			path = Views;
			sourceTree = "<group>";
		};
		DEFF421EAA78615B580C1942 /* Products */ = {
			isa = PBXGroup;
			children = (
				4940AE0F466E23E8BD4994BD /* Nod.app */,
			);
			name = Products;
			sourceTree = "<group>";
		};
		F9E519D57340EF30CE539098 /* SleepNoise */ = {
			isa = PBXGroup;
			children = (
				59AE059B3896A389BE0C3F21 /* Assets.xcassets */,
				E81E81B678DD169C5837058B /* Info.plist */,
				8108E8CFEA0ACC15992D1E8C /* LaunchScreen.storyboard */,
				EBBAACFEE6834D11F8A87E11 /* PrivacyInfo.xcprivacy */,
				9679FBCCA3A800DE6902342C /* SleepNoiseApp.swift */,
				C176830FC04827010FEC80E3 /* Audio */,
				DEED19CF097216B23567DBCA /* Views */,
			);
			path = SleepNoise;
			sourceTree = "<group>";
		};
/* End PBXGroup section */

/* Begin PBXNativeTarget section */
		2D1D6B35D4D49DA553072A14 /* Nod */ = {
			isa = PBXNativeTarget;
			buildConfigurationList = FC60EBF79D4B761A1027E0B3 /* Build configuration list for PBXNativeTarget "Nod" */;
			buildPhases = (
				FDFF5A63D590AF4AE52380C1 /* Sources */,
				6C8A778669B440CB7E785C72 /* Resources */,
			);
			buildRules = (
			);
			dependencies = (
			);
			name = Nod;
			packageProductDependencies = (
			);
			productName = Nod;
			productReference = 4940AE0F466E23E8BD4994BD /* Nod.app */;
			productType = "com.apple.product-type.application";
		};
/* End PBXNativeTarget section */

/* Begin PBXProject section */
		8A39E54C66475CC01D3A6543 /* Project object */ = {
			isa = PBXProject;
			attributes = {
				BuildIndependentTargetsInParallel = YES;
				LastUpgradeCheck = 1430;
			};
			buildConfigurationList = 5339C7313C99F946615D3594 /* Build configuration list for PBXProject "Nod" */;
			developmentRegion = en;
			hasScannedForEncodings = 0;
			knownRegions = (
				Base,
				en,
			);
			mainGroup = 84359F757DDBC745C733240B;
			minimizedProjectReferenceProxies = 1;
			preferredProjectObjectVersion = 77;
			productRefGroup = DEFF421EAA78615B580C1942 /* Products */;
			projectDirPath = "";
			projectRoot = "";
			targets = (
				2D1D6B35D4D49DA553072A14 /* Nod */,
			);
		};
/* End PBXProject section */

/* Begin PBXResourcesBuildPhase section */
		6C8A778669B440CB7E785C72 /* Resources */ = {
			isa = PBXResourcesBuildPhase;
			buildActionMask = 2147483647;
			files = (
				95557EC05984BC2C5BB5528F /* Assets.xcassets in Resources */,
				8319E2C0CFB86309C4B2EFB0 /* LaunchScreen.storyboard in Resources */,
				B932C9DA89C6B74E08B6E6BE /* PrivacyInfo.xcprivacy in Resources */,
			);
			runOnlyForDeploymentPostprocessing = 0;
		};
/* End PBXResourcesBuildPhase section */

/* Begin PBXSourcesBuildPhase section */
		FDFF5A63D590AF4AE52380C1 /* Sources */ = {
			isa = PBXSourcesBuildPhase;
			buildActionMask = 2147483647;
			files = (
				351090B8F1471CEF8C192EA2 /* GridEngine.swift in Sources */,
				438C5FD1206D4306B7BB9A17 /* GridView.swift in Sources */,
				47BF5E75A39777599887DF3E /* NoiseGenerator.swift in Sources */,
				0F1AF0FC46E0A5A8559E9604 /* SleepNoiseApp.swift in Sources */,
			);
			runOnlyForDeploymentPostprocessing = 0;
		};
/* End PBXSourcesBuildPhase section */

/* Begin XCBuildConfiguration section */
		372497C21BD518D769C8DED2 /* Release */ = {
			isa = XCBuildConfiguration;
			buildSettings = {
				ASSETCATALOG_COMPILER_APPICON_NAME = AppIcon;
				CODE_SIGN_IDENTITY = "iPhone Developer";
				DEVELOPMENT_TEAM = J4CBFU8375;
				INFOPLIST_FILE = SleepNoise/Info.plist;
				LD_RUNPATH_SEARCH_PATHS = (
					"$(inherited)",
					"@executable_path/Frameworks",
				);
				PRODUCT_BUNDLE_IDENTIFIER = com.waveringlightllc.nod;
				SDKROOT = iphoneos;
				TARGETED_DEVICE_FAMILY = "1,2";
			};
			name = Release;
		};
		962E348EDEE94E4139FACBE7 /* Release */ = {
			isa = XCBuildConfiguration;
			buildSettings = {
				ALWAYS_SEARCH_USER_PATHS = NO;
				CLANG_ANALYZER_NONNULL = YES;
				CLANG_ANALYZER_NUMBER_OBJECT_CONVERSION = YES_AGGRESSIVE;
				CLANG_CXX_LANGUAGE_STANDARD = "gnu++14";
				CLANG_CXX_LIBRARY = "libc++";
				CLANG_ENABLE_MODULES = YES;
				CLANG_ENABLE_OBJC_ARC = YES;
				CLANG_ENABLE_OBJC_WEAK = YES;
				CLANG_WARN_BLOCK_CAPTURE_AUTORELEASING = YES;
				CLANG_WARN_BOOL_CONVERSION = YES;
				CLANG_WARN_COMMA = YES;
				CLANG_WARN_CONSTANT_CONVERSION = YES;
				CLANG_WARN_DEPRECATED_OBJC_IMPLEMENTATIONS = YES;
				CLANG_WARN_DIRECT_OBJC_ISA_USAGE = YES_ERROR;
				CLANG_WARN_DOCUMENTATION_COMMENTS = YES;
				CLANG_WARN_EMPTY_BODY = YES;
				CLANG_WARN_ENUM_CONVERSION = YES;
				CLANG_WARN_INFINITE_RECURSION = YES;
				CLANG_WARN_INT_CONVERSION = YES;
				CLANG_WARN_NON_LITERAL_NULL_CONVERSION = YES;
				CLANG_WARN_OBJC_IMPLICIT_RETAIN_SELF = YES;
				CLANG_WARN_OBJC_LITERAL_CONVERSION = YES;
				CLANG_WARN_OBJC_ROOT_CLASS = YES_ERROR;
				CLANG_WARN_QUOTED_INCLUDE_IN_FRAMEWORK_HEADER = YES;
				CLANG_WARN_RANGE_LOOP_ANALYSIS = YES;
				CLANG_WARN_STRICT_PROTOTYPES = YES;
				CLANG_WARN_SUSPICIOUS_MOVE = YES;
				CLANG_WARN_UNGUARDED_AVAILABILITY = YES_AGGRESSIVE;
				CLANG_WARN_UNREACHABLE_CODE = YES;
				CLANG_WARN__DUPLICATE_METHOD_MATCH = YES;
				COPY_PHASE_STRIP = NO;
				DEBUG_INFORMATION_FORMAT = "dwarf-with-dsym";
				ENABLE_NS_ASSERTIONS = NO;
				ENABLE_STRICT_OBJC_MSGSEND = YES;
				GCC_C_LANGUAGE_STANDARD = gnu11;
				GCC_NO_COMMON_BLOCKS = YES;
				GCC_WARN_64_TO_32_BIT_CONVERSION = YES;
				GCC_WARN_ABOUT_RETURN_TYPE = YES_ERROR;
				GCC_WARN_UNDECLARED_SELECTOR = YES;
				GCC_WARN_UNINITIALIZED_AUTOS = YES_AGGRESSIVE;
				GCC_WARN_UNUSED_FUNCTION = YES;
				GCC_WARN_UNUSED_VARIABLE = YES;
				IPHONEOS_DEPLOYMENT_TARGET = 17.0;
				MTL_ENABLE_DEBUG_INFO = NO;
				MTL_FAST_MATH = YES;
				PRODUCT_NAME = "$(TARGET_NAME)";
				SDKROOT = iphoneos;
				SWIFT_COMPILATION_MODE = wholemodule;
				SWIFT_OPTIMIZATION_LEVEL = "-O";
				SWIFT_VERSION = 5.0;
			};
			name = Release;
		};
		D070EF4F24107CDE938B2A6E /* Debug */ = {
			isa = XCBuildConfiguration;
			buildSettings = {
				ALWAYS_SEARCH_USER_PATHS = NO;
				CLANG_ANALYZER_NONNULL = YES;
				CLANG_ANALYZER_NUMBER_OBJECT_CONVERSION = YES_AGGRESSIVE;
				CLANG_CXX_LANGUAGE_STANDARD = "gnu++14";
				CLANG_CXX_LIBRARY = "libc++";
				CLANG_ENABLE_MODULES = YES;
				CLANG_ENABLE_OBJC_ARC = YES;
				CLANG_ENABLE_OBJC_WEAK = YES;
				CLANG_WARN_BLOCK_CAPTURE_AUTORELEASING = YES;
				CLANG_WARN_BOOL_CONVERSION = YES;
				CLANG_WARN_COMMA = YES;
				CLANG_WARN_CONSTANT_CONVERSION = YES;
				CLANG_WARN_DEPRECATED_OBJC_IMPLEMENTATIONS = YES;
				CLANG_WARN_DIRECT_OBJC_ISA_USAGE = YES_ERROR;
				CLANG_WARN_DOCUMENTATION_COMMENTS = YES;
				CLANG_WARN_EMPTY_BODY = YES;
				CLANG_WARN_ENUM_CONVERSION = YES;
				CLANG_WARN_INFINITE_RECURSION = YES;
				CLANG_WARN_INT_CONVERSION = YES;
				CLANG_WARN_NON_LITERAL_NULL_CONVERSION = YES;
				CLANG_WARN_OBJC_IMPLICIT_RETAIN_SELF = YES;
				CLANG_WARN_OBJC_LITERAL_CONVERSION = YES;
				CLANG_WARN_OBJC_ROOT_CLASS = YES_ERROR;
				CLANG_WARN_QUOTED_INCLUDE_IN_FRAMEWORK_HEADER = YES;
				CLANG_WARN_RANGE_LOOP_ANALYSIS = YES;
				CLANG_WARN_STRICT_PROTOTYPES = YES;
				CLANG_WARN_SUSPICIOUS_MOVE = YES;
				CLANG_WARN_UNGUARDED_AVAILABILITY = YES_AGGRESSIVE;
				CLANG_WARN_UNREACHABLE_CODE = YES;
				CLANG_WARN__DUPLICATE_METHOD_MATCH = YES;
				COPY_PHASE_STRIP = NO;
				DEBUG_INFORMATION_FORMAT = dwarf;
				ENABLE_STRICT_OBJC_MSGSEND = YES;
				ENABLE_TESTABILITY = YES;
				GCC_C_LANGUAGE_STANDARD = gnu11;
				GCC_DYNAMIC_NO_PIC = NO;
				GCC_NO_COMMON_BLOCKS = YES;
				GCC_OPTIMIZATION_LEVEL = 0;
				GCC_PREPROCESSOR_DEFINITIONS = (
					"$(inherited)",
					"DEBUG=1",
				);
				GCC_WARN_64_TO_32_BIT_CONVERSION = YES;
				GCC_WARN_ABOUT_RETURN_TYPE = YES_ERROR;
				GCC_WARN_UNDECLARED_SELECTOR = YES;
				GCC_WARN_UNINITIALIZED_AUTOS = YES_AGGRESSIVE;
				GCC_WARN_UNUSED_FUNCTION = YES;
				GCC_WARN_UNUSED_VARIABLE = YES;
				IPHONEOS_DEPLOYMENT_TARGET = 17.0;
				MTL_ENABLE_DEBUG_INFO = INCLUDE_SOURCE;
				MTL_FAST_MATH = YES;
				ONLY_ACTIVE_ARCH = YES;
				PRODUCT_NAME = "$(TARGET_NAME)";
				SDKROOT = iphoneos;
				SWIFT_ACTIVE_COMPILATION_CONDITIONS = DEBUG;
				SWIFT_OPTIMIZATION_LEVEL = "-Onone";
				SWIFT_VERSION = 5.0;
			};
			name = Debug;
		};
		E53582A6B76C5B03FF6577F2 /* Debug */ = {
			isa = XCBuildConfiguration;
			buildSettings = {
				ASSETCATALOG_COMPILER_APPICON_NAME = AppIcon;
				CODE_SIGN_IDENTITY = "iPhone Developer";
				DEVELOPMENT_TEAM = J4CBFU8375;
				INFOPLIST_FILE = SleepNoise/Info.plist;
				LD_RUNPATH_SEARCH_PATHS = (
					"$(inherited)",
					"@executable_path/Frameworks",
				);
				PRODUCT_BUNDLE_IDENTIFIER = com.waveringlightllc.nod;
				SDKROOT = iphoneos;
				TARGETED_DEVICE_FAMILY = "1,2";
			};
			name = Debug;
		};
/* End XCBuildConfiguration section */

/* Begin XCConfigurationList section */
		5339C7313C99F946615D3594 /* Build configuration list for PBXProject "Nod" */ = {
			isa = XCConfigurationList;
			buildConfigurations = (
				D070EF4F24107CDE938B2A6E /* Debug */,
				962E348EDEE94E4139FACBE7 /* Release */,
			);
			defaultConfigurationIsVisible = 0;
			defaultConfigurationName = Debug;
		};
		FC60EBF79D4B761A1027E0B3 /* Build configuration list for PBXNativeTarget "Nod" */ = {
			isa = XCConfigurationList;
			buildConfigurations = (
				E53582A6B76C5B03FF6577F2 /* Debug */,
				372497C21BD518D769C8DED2 /* Release */,
			);
			defaultConfigurationIsVisible = 0;
			defaultConfigurationName = Debug;
		};
/* End XCConfigurationList section */
	};
	rootObject = 8A39E54C66475CC01D3A6543 /* Project object */;
}
